
Microsoft Visual Studio Solution File, Format Version 12.00
# Visual Studio Version 17
VisualStudioVersion = 17.5.33502.453
MinimumVisualStudioVersion = 10.0.40219.1
Project("{8BC9CEB8-8B4A-11D0-8D11-00A0C91BC942}") = "BOJ_1912", "BOJ_1912.vcxproj", "{E4DEB43E-2212-4F0C-B523-F397677EFA77}"
EndProject
Global
	GlobalSection(SolutionConfigurationPlatforms) = preSolution
		Debug|x64 = Debug|x64
		Release|x64 = Release|x64
	EndGlobalSection
	GlobalSection(ProjectConfigurationPlatforms) = postSolution
		{E4DEB43E-2212-4F0C-B523-F397677EFA77}.Debug|x64.ActiveCfg = Debug|x64
		{E4DEB43E-2212-4F0C-B523-F397677EFA77}.Debug|x64.Build.0 = Debug|x64
		{E4DEB43E-2212-4F0C-B523-F397677EFA77}.Release|x64.ActiveCfg = Release|x64
		{E4DEB43E-2212-4F0C-B523-F397677EFA77}.Release|x64.Build.0 = Release|x64
	EndGlobalSection
	GlobalSection(SolutionProperties) = preSolution
		HideSolutionNode = FALSE
	EndGlobalSection
	GlobalSection(ExtensibilityGlobals) = postSolution
		SolutionGuid = {05DC4AAC-00DA-427B-BE62-ADF738286830}
	EndGlobalSection
EndGlobal
